
Microsoft Visual Studio Solution File, Format Version 12.00
# Visual Studio Version 17
VisualStudioVersion = 17.7.34031.279
MinimumVisualStudioVersion = 10.0.40219.1
Project("{FAE04EC0-301F-11D3-BF4B-00C04F79EFBC}") = "BalaramanpillaiKalan_TP3", "BalaramanpillaiKalan_TP3\BalaramanpillaiKalan_TP3.csproj", "{01A79096-4461-498C-B458-A0B8187BA601}"
EndProject
Global
	GlobalSection(SolutionConfigurationPlatforms) = preSolution
		Debug|Any CPU = Debug|Any CPU
		Release|Any CPU = Release|Any CPU
	EndGlobalSection
	GlobalSection(ProjectConfigurationPlatforms) = postSolution
		{01A79096-4461-498C-B458-A0B8187BA601}.Debug|Any CPU.ActiveCfg = Debug|Any CPU
		{01A79096-4461-498C-B458-A0B8187BA601}.Debug|Any CPU.Build.0 = Debug|Any CPU
		{01A79096-4461-498C-B458-A0B8187BA601}.Release|Any CPU.ActiveCfg = Release|Any CPU
		{01A79096-4461-498C-B458-A0B8187BA601}.Release|Any CPU.Build.0 = Release|Any CPU
	EndGlobalSection
	GlobalSection(SolutionProperties) = preSolution
		HideSolutionNode = FALSE
	EndGlobalSection
	GlobalSection(ExtensibilityGlobals) = postSolution
		SolutionGuid = {270AD2C6-A2B1-4E28-A125-F318AC0EFC7E}
	EndGlobalSection
EndGlobal
